<?xml version="1.0" encoding="utf-8"?>
<Project ToolsVersion="4.0" xmlns="http://schemas.microsoft.com/developer/msbuild/2003">
  <ItemGroup>
    <Filter Include="Source Files">
      <UniqueIdentifier>{4FC737F1-C7A5-4376-A066-2A32D752A2FF}</UniqueIdentifier>
      <Extensions>cpp;c;cc;cxx;def;odl;idl;hpj;bat;asm;asmx</Extensions>
    </Filter>
    <Filter Include="Header Files">
      <UniqueIdentifier>{93995380-89BD-4b04-88EB-625FBE52EBFB}</UniqueIdentifier>
      <Extensions>h;hh;hpp;hxx;hm;inl;inc;xsd</Extensions>
    </Filter>
    <Filter Include="Resource Files">
      <UniqueIdentifier>{67DA6AB6-F800-4c08-8B7A-83BB121AAD01}</UniqueIdentifier>
      <Extensions>rc;ico;cur;bmp;dlg;rc2;rct;bin;rgs;gif;jpg;jpeg;jpe;resx;tiff;tif;png;wav</Extensions>
    </Filter>
  </ItemGroup>
  <ItemGroup>
    <ClCompile Include="cpp\main.cpp">
      <Filter>Source Files</Filter>
    </ClCompile>
    <ClCompile Include="cpp\docker\ASM.cpp">
      <Filter>Source Files</Filter>
    </ClCompile>
    <ClCompile Include="cpp\docker\Docker.cpp">
      <Filter>Source Files</Filter>
    </ClCompile>
    <ClCompile Include="cpp\docker\ELF.cpp">
      <Filter>Source Files</Filter>
    </ClCompile>
    <ClCompile Include="cpp\docker\HTTPS.cpp">
      <Filter>Source Files</Filter>
    </ClCompile>
    <ClCompile Include="cpp\docker\LIB.cpp">
      <Filter>Source Files</Filter>
    </ClCompile>
    <ClCompile Include="cpp\docker\Mangler.cpp">
      <Filter>Source Files</Filter>
    </ClCompile>
    <ClCompile Include="cpp\docker\TXT.cpp">
      <Filter>Source Files</Filter>
    </ClCompile>
    <ClCompile Include="cpp\lexer\Lexer.cpp">
      <Filter>Source Files</Filter>
    </ClCompile>
    <ClCompile Include="cpp\parser\Parser.cpp">
      <Filter>Source Files</Filter>
    </ClCompile>
    <ClCompile Include="cpp\preprosessor\PreProsessor.cpp">
      <Filter>Source Files</Filter>
    </ClCompile>
    <ClCompile Include="cpp\ui\Producer.cpp">
      <Filter>Source Files</Filter>
    </ClCompile>
    <ClCompile Include="cpp\ui\Safe.cpp">
      <Filter>Source Files</Filter>
    </ClCompile>
    <ClCompile Include="cpp\ui\Usr.cpp">
      <Filter>Source Files</Filter>
    </ClCompile>
    <ClCompile Include="Cpp\Docker\OBJ.cpp">
      <Filter>Source Files</Filter>
    </ClCompile>
    <ClCompile Include="Cpp\BackEnd\BackEnd.cpp">
      <Filter>Source Files</Filter>
    </ClCompile>
    <ClCompile Include="Cpp\BackEnd\IRGenerator.cpp">
      <Filter>Source Files</Filter>
    </ClCompile>
    <ClCompile Include="Cpp\BackEnd\x86.cpp">
      <Filter>Source Files</Filter>
    </ClCompile>
    <ClCompile Include="Cpp\BackEnd\IRPostProsessor.cpp">
      <Filter>Source Files</Filter>
    </ClCompile>
    <ClCompile Include="Cpp\BackEnd\Selector.cpp">
      <Filter>Source Files</Filter>
    </ClCompile>
    <ClCompile Include="Cpp\Nodes\Token.cpp">
      <Filter>Source Files</Filter>
    </ClCompile>
    <ClCompile Include="Cpp\Parser\Algebra.cpp">
      <Filter>Source Files</Filter>
    </ClCompile>
    <ClCompile Include="Cpp\Parser\PostProsessor.cpp">
      <Filter>Source Files</Filter>
    </ClCompile>
    <ClCompile Include="Cpp\Nodes\Node.cpp">
      <Filter>Source Files</Filter>
    </ClCompile>
    <ClCompile Include="Cpp\Lexer\Position.cpp">
      <Filter>Source Files</Filter>
    </ClCompile>
    <ClCompile Include="Cpp\Lexer\Component.cpp">
      <Filter>Source Files</Filter>
    </ClCompile>
    <ClCompile Include="Tests\Cpp\Test_Lexer.cpp">
      <Filter>Source Files</Filter>
    </ClCompile>
    <ClCompile Include="Tests\Unit_Tests.cpp">
      <Filter>Source Files</Filter>
    </ClCompile>
    <ClCompile Include="Tests\Cpp\Test_Back_End.cpp">
      <Filter>Source Files</Filter>
    </ClCompile>
    <ClCompile Include="Tests\Cpp\Base.cpp">
      <Filter>Source Files</Filter>
    </ClCompile>
    <ClCompile Include="Cpp\BackEnd\ARM.cpp">
      <Filter>Source Files</Filter>
    </ClCompile>
    <ClCompile Include="Cpp\BackEnd\DebugGenerator.cpp">
      <Filter>Source Files</Filter>
    </ClCompile>
  </ItemGroup>
  <ItemGroup>
    <None Include="io\unix.asm">
      <Filter>Source Files</Filter>
    </None>
    <None Include="io\win32.asm">
      <Filter>Source Files</Filter>
    </None>
    <None Include="IO\test.e.asm">
      <Filter>Source Files</Filter>
    </None>
    <None Include="IO\test.e" />
    <None Include="Tests\IO\Math.e" />
    <None Include="Tests\IO\Math.e.asm">
      <Filter>Source Files</Filter>
    </None>
    <None Include="Tests\IO\Conditions.e" />
    <None Include="Tests\IO\Conditions.e.asm">
      <Filter>Source Files</Filter>
    </None>
    <None Include="Tests\IO\Array.e" />
    <None Include="Tests\IO\Array.e.asm">
      <Filter>Source Files</Filter>
    </None>
    <None Include="Tests\IO\Type.e" />
    <None Include="Tests\IO\Type.e.asm">
      <Filter>Source Files</Filter>
    </None>
    <None Include="Tests\IO\Ptr.e" />
    <None Include="Tests\IO\Cast.e" />
    <None Include="Tests\IO\Func.e" />
    <None Include="Tests\IO\Func.e.asm">
      <Filter>Source Files</Filter>
    </None>
    <None Include="Tests\IO\Cast.e.asm">
      <Filter>Source Files</Filter>
    </None>
    <None Include="Tests\IO\Global.e" />
    <None Include="Tests\IO\NameSpace.e" />
    <None Include="Tests\IO\NameSpace.e.asm">
      <Filter>Source Files</Filter>
    </None>
    <None Include="IO\List.e" />
    <None Include="IO\STD.e" />
  </ItemGroup>
  <ItemGroup>
    <ClInclude Include="h\Flags.h">
      <Filter>Header Files</Filter>
    </ClInclude>
    <ClInclude Include="h\docker\ASM.h">
      <Filter>Header Files</Filter>
    </ClInclude>
    <ClInclude Include="h\docker\Docker.h">
      <Filter>Header Files</Filter>
    </ClInclude>
    <ClInclude Include="h\docker\ELF.h">
      <Filter>Header Files</Filter>
    </ClInclude>
    <ClInclude Include="h\docker\HTTPS.h">
      <Filter>Header Files</Filter>
    </ClInclude>
    <ClInclude Include="h\docker\LIB.h">
      <Filter>Header Files</Filter>
    </ClInclude>
    <ClInclude Include="h\docker\Mangler.h">
      <Filter>Header Files</Filter>
    </ClInclude>
    <ClInclude Include="h\docker\Section.h">
      <Filter>Header Files</Filter>
    </ClInclude>
    <ClInclude Include="h\docker\TXT.h">
      <Filter>Header Files</Filter>
    </ClInclude>
    <ClInclude Include="h\lexer\Component.h">
      <Filter>Header Files</Filter>
    </ClInclude>
    <ClInclude Include="h\lexer\Lexer.h">
      <Filter>Header Files</Filter>
    </ClInclude>
    <ClInclude Include="h\lexer\Position.h">
      <Filter>Header Files</Filter>
    </ClInclude>
    <ClInclude Include="h\nodes\Node.h">
      <Filter>Header Files</Filter>
    </ClInclude>
    <ClInclude Include="h\parser\Parser.h">
      <Filter>Header Files</Filter>
    </ClInclude>
    <ClInclude Include="h\preprosessor\PreProsessor.h">
      <Filter>Header Files</Filter>
    </ClInclude>
    <ClInclude Include="h\ui\Producer.h">
      <Filter>Header Files</Filter>
    </ClInclude>
    <ClInclude Include="h\ui\Safe.h">
      <Filter>Header Files</Filter>
    </ClInclude>
    <ClInclude Include="h\ui\Usr.h">
      <Filter>Header Files</Filter>
    </ClInclude>
    <ClInclude Include="io\asm.h">
      <Filter>Header Files</Filter>
    </ClInclude>
    <ClInclude Include="io\general.h">
      <Filter>Header Files</Filter>
    </ClInclude>
    <ClInclude Include="H\Docker\OBJ.h">
      <Filter>Header Files</Filter>
    </ClInclude>
    <ClInclude Include="H\Nodes\IR.h">
      <Filter>Header Files</Filter>
    </ClInclude>
    <ClInclude Include="H\Nodes\Token.h">
      <Filter>Header Files</Filter>
    </ClInclude>
    <ClInclude Include="H\BackEnd\BackEnd.h">
      <Filter>Header Files</Filter>
    </ClInclude>
    <ClInclude Include="H\BackEnd\IRGenerator.h">
      <Filter>Header Files</Filter>
    </ClInclude>
    <ClInclude Include="H\BackEnd\x86.h">
      <Filter>Header Files</Filter>
    </ClInclude>
    <ClInclude Include="H\BackEnd\IRPostProsessor.h">
      <Filter>Header Files</Filter>
    </ClInclude>
    <ClInclude Include="H\BackEnd\Selector.h">
      <Filter>Header Files</Filter>
    </ClInclude>
    <ClInclude Include="H\Parser\Algebra.h">
      <Filter>Header Files</Filter>
    </ClInclude>
    <ClInclude Include="H\Parser\PostProsessor.h">
      <Filter>Header Files</Filter>
    </ClInclude>
    <ClInclude Include="Tests\H\Test_Lexer.h">
      <Filter>Header Files</Filter>
    </ClInclude>
    <ClInclude Include="Tests\H\Test_Back_End.h">
      <Filter>Header Files</Filter>
    </ClInclude>
    <ClInclude Include="Tests\H\Base.h">
      <Filter>Header Files</Filter>
    </ClInclude>
    <ClInclude Include="H\BackEnd\ARM.h">
      <Filter>Header Files</Filter>
    </ClInclude>
    <ClInclude Include="H\BackEnd\DebugGenerator.h">
      <Filter>Header Files</Filter>
    </ClInclude>
  </ItemGroup>
</Project>